// !$*UTF8*$!
{
	archiveVersion = 1;
	classes = {
	};
	objectVersion = 56;
	objects = {

/* Begin PBXBuildFile section */
		1E219B2B2BA08FFD00D79DE3 /* Test.swift in Sources */ = {isa = PBXBuildFile; fileRef = 1E219B2A2BA08FFD00D79DE3 /* Test.swift */; };
		1E219B2E2BA0977100D79DE3 /* AFNetworking in Frameworks */ = {isa = PBXBuildFile; productRef = 1E219B2D2BA0977100D79DE3 /* AFNetworking */; };
		1E267BE42BA9C07900280170 /* SQlite_UserData.swift in Sources */ = {isa = PBXBuildFile; fileRef = 1E267BE32BA9C07900280170 /* SQlite_UserData.swift */; };
		1E2B37492BA039DA00B8EFA4 /* Chat.swift in Sources */ = {isa = PBXBuildFile; fileRef = 1E2B37482BA039DA00B8EFA4 /* Chat.swift */; };
		1E2B374B2BA0403500B8EFA4 /* SplashView.swift in Sources */ = {isa = PBXBuildFile; fileRef = 1E2B374A2BA0403500B8EFA4 /* SplashView.swift */; };
		1E4C28192BA9F413005461D1 /* TestFunc.swift in Sources */ = {isa = PBXBuildFile; fileRef = 1E4C28182BA9F413005461D1 /* TestFunc.swift */; };
		1E64CBF22BA050B50053A555 /* Profile.swift in Sources */ = {isa = PBXBuildFile; fileRef = 1E64CBF12BA050B50053A555 /* Profile.swift */; };
		1E64CBF42BA051740053A555 /* LoginManager.swift in Sources */ = {isa = PBXBuildFile; fileRef = 1E64CBF32BA051740053A555 /* LoginManager.swift */; };
		1E89D12A2BA31B0300C78CEC /* LoginView.swift in Sources */ = {isa = PBXBuildFile; fileRef = 1E89D1292BA31B0300C78CEC /* LoginView.swift */; };
		1E89D12C2BA3434300C78CEC /* SingleOPTView.swift in Sources */ = {isa = PBXBuildFile; fileRef = 1E89D12B2BA3434300C78CEC /* SingleOPTView.swift */; };
		1E8F79182B9F322000F4C230 /* Hospital.swift in Sources */ = {isa = PBXBuildFile; fileRef = 1E8F79172B9F322000F4C230 /* Hospital.swift */; };
		1E9681EF2BA19400003F8E4B /* AccountView.swift in Sources */ = {isa = PBXBuildFile; fileRef = 1E9681EE2BA19400003F8E4B /* AccountView.swift */; };
		1EA0CA222BA8343E009076F1 /* LocalDataBase.swift in Sources */ = {isa = PBXBuildFile; fileRef = 1EA0CA212BA8343E009076F1 /* LocalDataBase.swift */; };
		1EA0CA242BA88719009076F1 /* UserDataHandle.swift in Sources */ = {isa = PBXBuildFile; fileRef = 1EA0CA232BA88719009076F1 /* UserDataHandle.swift */; };
		1EE63E082B9F46510026B4DE /* HomeView.swift in Sources */ = {isa = PBXBuildFile; fileRef = 1EE63E072B9F46510026B4DE /* HomeView.swift */; };
		1EE63E0B2B9F47CB0026B4DE /* CountModel.swift in Sources */ = {isa = PBXBuildFile; fileRef = 1EE63E0A2B9F47CB0026B4DE /* CountModel.swift */; };
		1EE63E0D2B9F4E460026B4DE /* SignUpView.swift in Sources */ = {isa = PBXBuildFile; fileRef = 1EE63E0C2B9F4E460026B4DE /* SignUpView.swift */; };
		1EE9CB642B9F1F9300E923D9 /* KPMadicalApp.swift in Sources */ = {isa = PBXBuildFile; fileRef = 1EE9CB632B9F1F9300E923D9 /* KPMadicalApp.swift */; };
		1EE9CB662B9F1F9300E923D9 /* ContentView.swift in Sources */ = {isa = PBXBuildFile; fileRef = 1EE9CB652B9F1F9300E923D9 /* ContentView.swift */; };
		1EE9CB682B9F1F9400E923D9 /* Assets.xcassets in Resources */ = {isa = PBXBuildFile; fileRef = 1EE9CB672B9F1F9400E923D9 /* Assets.xcassets */; };
		1EE9CB6B2B9F1F9400E923D9 /* Preview Assets.xcassets in Resources */ = {isa = PBXBuildFile; fileRef = 1EE9CB6A2B9F1F9400E923D9 /* Preview Assets.xcassets */; };
		1EE9CB752B9F1F9500E923D9 /* KPMadicalTests.swift in Sources */ = {isa = PBXBuildFile; fileRef = 1EE9CB742B9F1F9500E923D9 /* KPMadicalTests.swift */; };
		1EE9CB7F2B9F1F9500E923D9 /* KPMadicalUITests.swift in Sources */ = {isa = PBXBuildFile; fileRef = 1EE9CB7E2B9F1F9500E923D9 /* KPMadicalUITests.swift */; };
		1EE9CB812B9F1F9500E923D9 /* KPMadicalUITestsLaunchTests.swift in Sources */ = {isa = PBXBuildFile; fileRef = 1EE9CB802B9F1F9500E923D9 /* KPMadicalUITestsLaunchTests.swift */; };
/* End PBXBuildFile section */

/* Begin PBXContainerItemProxy section */
		1EE9CB712B9F1F9500E923D9 /* PBXContainerItemProxy */ = {
			isa = PBXContainerItemProxy;
			containerPortal = 1EE9CB582B9F1F9300E923D9 /* Project object */;
			proxyType = 1;
			remoteGlobalIDString = 1EE9CB5F2B9F1F9300E923D9;
			remoteInfo = KPMadical;
		};
		1EE9CB7B2B9F1F9500E923D9 /* PBXContainerItemProxy */ = {
			isa = PBXContainerItemProxy;
			containerPortal = 1EE9CB582B9F1F9300E923D9 /* Project object */;
			proxyType = 1;
			remoteGlobalIDString = 1EE9CB5F2B9F1F9300E923D9;
			remoteInfo = KPMadical;
		};
/* End PBXContainerItemProxy section */

/* Begin PBXFileReference section */
		1E219B2A2BA08FFD00D79DE3 /* Test.swift */ = {isa = PBXFileReference; lastKnownFileType = sourcecode.swift; path = Test.swift; sourceTree = "<group>"; };
		1E267BE32BA9C07900280170 /* SQlite_UserData.swift */ = {isa = PBXFileReference; lastKnownFileType = sourcecode.swift; path = SQlite_UserData.swift; sourceTree = "<group>"; };
		1E2B37482BA039DA00B8EFA4 /* Chat.swift */ = {isa = PBXFileReference; lastKnownFileType = sourcecode.swift; path = Chat.swift; sourceTree = "<group>"; };
		1E2B374A2BA0403500B8EFA4 /* SplashView.swift */ = {isa = PBXFileReference; lastKnownFileType = sourcecode.swift; path = SplashView.swift; sourceTree = "<group>"; };
		1E4C28182BA9F413005461D1 /* TestFunc.swift */ = {isa = PBXFileReference; lastKnownFileType = sourcecode.swift; path = TestFunc.swift; sourceTree = "<group>"; };
		1E64CBF12BA050B50053A555 /* Profile.swift */ = {isa = PBXFileReference; lastKnownFileType = sourcecode.swift; path = Profile.swift; sourceTree = "<group>"; };
		1E64CBF32BA051740053A555 /* LoginManager.swift */ = {isa = PBXFileReference; lastKnownFileType = sourcecode.swift; path = LoginManager.swift; sourceTree = "<group>"; };
		1E89D1292BA31B0300C78CEC /* LoginView.swift */ = {isa = PBXFileReference; lastKnownFileType = sourcecode.swift; path = LoginView.swift; sourceTree = "<group>"; };
		1E89D12B2BA3434300C78CEC /* SingleOPTView.swift */ = {isa = PBXFileReference; lastKnownFileType = sourcecode.swift; path = SingleOPTView.swift; sourceTree = "<group>"; };
		1E8F79172B9F322000F4C230 /* Hospital.swift */ = {isa = PBXFileReference; lastKnownFileType = sourcecode.swift; path = Hospital.swift; sourceTree = "<group>"; };
		1E9681EE2BA19400003F8E4B /* AccountView.swift */ = {isa = PBXFileReference; lastKnownFileType = sourcecode.swift; path = AccountView.swift; sourceTree = "<group>"; };
		1EA0CA212BA8343E009076F1 /* LocalDataBase.swift */ = {isa = PBXFileReference; lastKnownFileType = sourcecode.swift; path = LocalDataBase.swift; sourceTree = "<group>"; };
		1EA0CA232BA88719009076F1 /* UserDataHandle.swift */ = {isa = PBXFileReference; lastKnownFileType = sourcecode.swift; path = UserDataHandle.swift; sourceTree = "<group>"; };
		1EE63E072B9F46510026B4DE /* HomeView.swift */ = {isa = PBXFileReference; lastKnownFileType = sourcecode.swift; path = HomeView.swift; sourceTree = "<group>"; };
		1EE63E0A2B9F47CB0026B4DE /* CountModel.swift */ = {isa = PBXFileReference; lastKnownFileType = sourcecode.swift; path = CountModel.swift; sourceTree = "<group>"; };
		1EE63E0C2B9F4E460026B4DE /* SignUpView.swift */ = {isa = PBXFileReference; lastKnownFileType = sourcecode.swift; path = SignUpView.swift; sourceTree = "<group>"; };
		1EE9CB602B9F1F9300E923D9 /* KPMadical.app */ = {isa = PBXFileReference; explicitFileType = wrapper.application; includeInIndex = 0; path = KPMadical.app; sourceTree = BUILT_PRODUCTS_DIR; };
		1EE9CB632B9F1F9300E923D9 /* KPMadicalApp.swift */ = {isa = PBXFileReference; lastKnownFileType = sourcecode.swift; path = KPMadicalApp.swift; sourceTree = "<group>"; };
		1EE9CB652B9F1F9300E923D9 /* ContentView.swift */ = {isa = PBXFileReference; lastKnownFileType = sourcecode.swift; path = ContentView.swift; sourceTree = "<group>"; };
		1EE9CB672B9F1F9400E923D9 /* Assets.xcassets */ = {isa = PBXFileReference; lastKnownFileType = folder.assetcatalog; path = Assets.xcassets; sourceTree = "<group>"; };
		1EE9CB6A2B9F1F9400E923D9 /* Preview Assets.xcassets */ = {isa = PBXFileReference; lastKnownFileType = folder.assetcatalog; path = "Preview Assets.xcassets"; sourceTree = "<group>"; };
		1EE9CB702B9F1F9500E923D9 /* KPMadicalTests.xctest */ = {isa = PBXFileReference; explicitFileType = wrapper.cfbundle; includeInIndex = 0; path = KPMadicalTests.xctest; sourceTree = BUILT_PRODUCTS_DIR; };
		1EE9CB742B9F1F9500E923D9 /* KPMadicalTests.swift */ = {isa = PBXFileReference; lastKnownFileType = sourcecode.swift; path = KPMadicalTests.swift; sourceTree = "<group>"; };
		1EE9CB7A2B9F1F9500E923D9 /* KPMadicalUITests.xctest */ = {isa = PBXFileReference; explicitFileType = wrapper.cfbundle; includeInIndex = 0; path = KPMadicalUITests.xctest; sourceTree = BUILT_PRODUCTS_DIR; };
		1EE9CB7E2B9F1F9500E923D9 /* KPMadicalUITests.swift */ = {isa = PBXFileReference; lastKnownFileType = sourcecode.swift; path = KPMadicalUITests.swift; sourceTree = "<group>"; };
		1EE9CB802B9F1F9500E923D9 /* KPMadicalUITestsLaunchTests.swift */ = {isa = PBXFileReference; lastKnownFileType = sourcecode.swift; path = KPMadicalUITestsLaunchTests.swift; sourceTree = "<group>"; };
/* End PBXFileReference section */

/* Begin PBXFrameworksBuildPhase section */
		1EE9CB5D2B9F1F9300E923D9 /* Frameworks */ = {
			isa = PBXFrameworksBuildPhase;
			buildActionMask = 2147483647;
			files = (
				1E219B2E2BA0977100D79DE3 /* AFNetworking in Frameworks */,
			);
			runOnlyForDeploymentPostprocessing = 0;
		};
		1EE9CB6D2B9F1F9500E923D9 /* Frameworks */ = {
			isa = PBXFrameworksBuildPhase;
			buildActionMask = 2147483647;
			files = (
			);
			runOnlyForDeploymentPostprocessing = 0;
		};
		1EE9CB772B9F1F9500E923D9 /* Frameworks */ = {
			isa = PBXFrameworksBuildPhase;
			buildActionMask = 2147483647;
			files = (
			);
			runOnlyForDeploymentPostprocessing = 0;
		};
/* End PBXFrameworksBuildPhase section */

/* Begin PBXGroup section */
		1E2B37462BA0392200B8EFA4 /* MyHospital */ = {
			isa = PBXGroup;
			children = (
				1E8F79172B9F322000F4C230 /* Hospital.swift */,
			);
			path = MyHospital;
			sourceTree = "<group>";
		};
		1E2B37472BA039C600B8EFA4 /* Chat */ = {
			isa = PBXGroup;
			children = (
				1E2B37482BA039DA00B8EFA4 /* Chat.swift */,
			);
			path = Chat;
			sourceTree = "<group>";
		};
		1E4C28172BA9F3CC005461D1 /* TestFile */ = {
			isa = PBXGroup;
			children = (
				1E219B2A2BA08FFD00D79DE3 /* Test.swift */,
				1E4C28182BA9F413005461D1 /* TestFunc.swift */,
			);
			path = TestFile;
			sourceTree = "<group>";
		};
		1E64CBF02BA050A60053A555 /* Acount */ = {
			isa = PBXGroup;
			children = (
				1E64CBF12BA050B50053A555 /* Profile.swift */,
			);
			path = Acount;
			sourceTree = "<group>";
		};
		1E8F79142B9F31E800F4C230 /* View */ = {
			isa = PBXGroup;
			children = (
				1E64CBF02BA050A60053A555 /* Acount */,
				1E2B37472BA039C600B8EFA4 /* Chat */,
				1E8F79152B9F31F700F4C230 /* Home */,
				1E8F79162B9F320300F4C230 /* SginUp */,
				1E2B37462BA0392200B8EFA4 /* MyHospital */,
				1EE9CB652B9F1F9300E923D9 /* ContentView.swift */,
				1E89D1292BA31B0300C78CEC /* LoginView.swift */,
			);
			path = View;
			sourceTree = "<group>";
		};
		1E8F79152B9F31F700F4C230 /* Home */ = {
			isa = PBXGroup;
			children = (
				1EE63E072B9F46510026B4DE /* HomeView.swift */,
			);
			path = Home;
			sourceTree = "<group>";
		};
		1E8F79162B9F320300F4C230 /* SginUp */ = {
			isa = PBXGroup;
			children = (
				1EE63E0C2B9F4E460026B4DE /* SignUpView.swift */,
				1E9681EE2BA19400003F8E4B /* AccountView.swift */,
				1E89D12B2BA3434300C78CEC /* SingleOPTView.swift */,
			);
			path = SginUp;
			sourceTree = "<group>";
		};
		1EA0CA202BA8341C009076F1 /* SqLite */ = {
			isa = PBXGroup;
			children = (
				1EA0CA212BA8343E009076F1 /* LocalDataBase.swift */,
				1E267BE32BA9C07900280170 /* SQlite_UserData.swift */,
				1EA0CA232BA88719009076F1 /* UserDataHandle.swift */,
			);
			path = SqLite;
			sourceTree = "<group>";
		};
		1EE63E092B9F47BE0026B4DE /* Model */ = {
			isa = PBXGroup;
			children = (
				1EE63E0A2B9F47CB0026B4DE /* CountModel.swift */,
				1E64CBF32BA051740053A555 /* LoginManager.swift */,
			);
			path = Model;
			sourceTree = "<group>";
		};
		1EE9CB572B9F1F9300E923D9 = {
			isa = PBXGroup;
			children = (
				1EE9CB622B9F1F9300E923D9 /* KPMadical */,
				1EE9CB732B9F1F9500E923D9 /* KPMadicalTests */,
				1EE9CB7D2B9F1F9500E923D9 /* KPMadicalUITests */,
				1EE9CB612B9F1F9300E923D9 /* Products */,
			);
			sourceTree = "<group>";
		};
		1EE9CB612B9F1F9300E923D9 /* Products */ = {
			isa = PBXGroup;
			children = (
				1EE9CB602B9F1F9300E923D9 /* KPMadical.app */,
				1EE9CB702B9F1F9500E923D9 /* KPMadicalTests.xctest */,
				1EE9CB7A2B9F1F9500E923D9 /* KPMadicalUITests.xctest */,
			);
			name = Products;
			sourceTree = "<group>";
		};
		1EE9CB622B9F1F9300E923D9 /* KPMadical */ = {
			isa = PBXGroup;
			children = (
				1E4C28172BA9F3CC005461D1 /* TestFile */,
				1EA0CA202BA8341C009076F1 /* SqLite */,
				1E2B374A2BA0403500B8EFA4 /* SplashView.swift */,
				1EE63E092B9F47BE0026B4DE /* Model */,
				1E8F79142B9F31E800F4C230 /* View */,
				1EE9CB632B9F1F9300E923D9 /* KPMadicalApp.swift */,
				1EE9CB672B9F1F9400E923D9 /* Assets.xcassets */,
				1EE9CB692B9F1F9400E923D9 /* Preview Content */,
			);
			path = KPMadical;
			sourceTree = "<group>";
		};
		1EE9CB692B9F1F9400E923D9 /* Preview Content */ = {
			isa = PBXGroup;
			children = (
				1EE9CB6A2B9F1F9400E923D9 /* Preview Assets.xcassets */,
			);
			path = "Preview Content";
			sourceTree = "<group>";
		};
		1EE9CB732B9F1F9500E923D9 /* KPMadicalTests */ = {
			isa = PBXGroup;
			children = (
				1EE9CB742B9F1F9500E923D9 /* KPMadicalTests.swift */,
			);
			path = KPMadicalTests;
			sourceTree = "<group>";
		};
		1EE9CB7D2B9F1F9500E923D9 /* KPMadicalUITests */ = {
			isa = PBXGroup;
			children = (
				1EE9CB7E2B9F1F9500E923D9 /* KPMadicalUITests.swift */,
				1EE9CB802B9F1F9500E923D9 /* KPMadicalUITestsLaunchTests.swift */,
			);
			path = KPMadicalUITests;
			sourceTree = "<group>";
		};
/* End PBXGroup section */

/* Begin PBXNativeTarget section */
		1EE9CB5F2B9F1F9300E923D9 /* KPMadical */ = {
			isa = PBXNativeTarget;
			buildConfigurationList = 1EE9CB842B9F1F9500E923D9 /* Build configuration list for PBXNativeTarget "KPMadical" */;
			buildPhases = (
				1EE9CB5C2B9F1F9300E923D9 /* Sources */,
				1EE9CB5D2B9F1F9300E923D9 /* Frameworks */,
				1EE9CB5E2B9F1F9300E923D9 /* Resources */,
			);
			buildRules = (
			);
			dependencies = (
			);
			name = KPMadical;
			packageProductDependencies = (
				1E219B2D2BA0977100D79DE3 /* AFNetworking */,
			);
			productName = KPMadical;
			productReference = 1EE9CB602B9F1F9300E923D9 /* KPMadical.app */;
			productType = "com.apple.product-type.application";
		};
		1EE9CB6F2B9F1F9500E923D9 /* KPMadicalTests */ = {
			isa = PBXNativeTarget;
			buildConfigurationList = 1EE9CB872B9F1F9500E923D9 /* Build configuration list for PBXNativeTarget "KPMadicalTests" */;
			buildPhases = (
				1EE9CB6C2B9F1F9500E923D9 /* Sources */,
				1EE9CB6D2B9F1F9500E923D9 /* Frameworks */,
				1EE9CB6E2B9F1F9500E923D9 /* Resources */,
			);
			buildRules = (
			);
			dependencies = (
				1EE9CB722B9F1F9500E923D9 /* PBXTargetDependency */,
			);
			name = KPMadicalTests;
			productName = KPMadicalTests;
			productReference = 1EE9CB702B9F1F9500E923D9 /* KPMadicalTests.xctest */;
			productType = "com.apple.product-type.bundle.unit-test";
		};
		1EE9CB792B9F1F9500E923D9 /* KPMadicalUITests */ = {
			isa = PBXNativeTarget;
			buildConfigurationList = 1EE9CB8A2B9F1F9500E923D9 /* Build configuration list for PBXNativeTarget "KPMadicalUITests" */;
			buildPhases = (
				1EE9CB762B9F1F9500E923D9 /* Sources */,
				1EE9CB772B9F1F9500E923D9 /* Frameworks */,
				1EE9CB782B9F1F9500E923D9 /* Resources */,
			);
			buildRules = (
			);
			dependencies = (
				1EE9CB7C2B9F1F9500E923D9 /* PBXTargetDependency */,
			);
			name = KPMadicalUITests;
			productName = KPMadicalUITests;
			productReference = 1EE9CB7A2B9F1F9500E923D9 /* KPMadicalUITests.xctest */;
			productType = "com.apple.product-type.bundle.ui-testing";
		};
/* End PBXNativeTarget section */

/* Begin PBXProject section */
		1EE9CB582B9F1F9300E923D9 /* Project object */ = {
			isa = PBXProject;
			attributes = {
				BuildIndependentTargetsInParallel = 1;
				LastSwiftUpdateCheck = 1520;
				LastUpgradeCheck = 1520;
				TargetAttributes = {
					1EE9CB5F2B9F1F9300E923D9 = {
						CreatedOnToolsVersion = 15.2;
					};
					1EE9CB6F2B9F1F9500E923D9 = {
						CreatedOnToolsVersion = 15.2;
						TestTargetID = 1EE9CB5F2B9F1F9300E923D9;
					};
					1EE9CB792B9F1F9500E923D9 = {
						CreatedOnToolsVersion = 15.2;
						TestTargetID = 1EE9CB5F2B9F1F9300E923D9;
					};
				};
			};
			buildConfigurationList = 1EE9CB5B2B9F1F9300E923D9 /* Build configuration list for PBXProject "KPMadical" */;
			compatibilityVersion = "Xcode 14.0";
			developmentRegion = en;
			hasScannedForEncodings = 0;
			knownRegions = (
				en,
				Base,
			);
			mainGroup = 1EE9CB572B9F1F9300E923D9;
			packageReferences = (
				1E219B2C2BA0977100D79DE3 /* XCRemoteSwiftPackageReference "AFNetworking" */,
			);
			productRefGroup = 1EE9CB612B9F1F9300E923D9 /* Products */;
			projectDirPath = "";
			projectRoot = "";
			targets = (
				1EE9CB5F2B9F1F9300E923D9 /* KPMadical */,
				1EE9CB6F2B9F1F9500E923D9 /* KPMadicalTests */,
				1EE9CB792B9F1F9500E923D9 /* KPMadicalUITests */,
			);
		};
/* End PBXProject section */

/* Begin PBXResourcesBuildPhase section */
		1EE9CB5E2B9F1F9300E923D9 /* Resources */ = {
			isa = PBXResourcesBuildPhase;
			buildActionMask = 2147483647;
			files = (
				1EE9CB6B2B9F1F9400E923D9 /* Preview Assets.xcassets in Resources */,
				1EE9CB682B9F1F9400E923D9 /* Assets.xcassets in Resources */,
			);
			runOnlyForDeploymentPostprocessing = 0;
		};
		1EE9CB6E2B9F1F9500E923D9 /* Resources */ = {
			isa = PBXResourcesBuildPhase;
			buildActionMask = 2147483647;
			files = (
			);
			runOnlyForDeploymentPostprocessing = 0;
		};
		1EE9CB782B9F1F9500E923D9 /* Resources */ = {
			isa = PBXResourcesBuildPhase;
			buildActionMask = 2147483647;
			files = (
			);
			runOnlyForDeploymentPostprocessing = 0;
		};
/* End PBXResourcesBuildPhase section */

/* Begin PBXSourcesBuildPhase section */
		1EE9CB5C2B9F1F9300E923D9 /* Sources */ = {
			isa = PBXSourcesBuildPhase;
			buildActionMask = 2147483647;
			files = (
				1E9681EF2BA19400003F8E4B /* AccountView.swift in Sources */,
				1EE63E0B2B9F47CB0026B4DE /* CountModel.swift in Sources */,
				1E2B374B2BA0403500B8EFA4 /* SplashView.swift in Sources */,
				1EE9CB662B9F1F9300E923D9 /* ContentView.swift in Sources */,
				1EA0CA242BA88719009076F1 /* UserDataHandle.swift in Sources */,
				1E2B37492BA039DA00B8EFA4 /* Chat.swift in Sources */,
				1EE63E0D2B9F4E460026B4DE /* SignUpView.swift in Sources */,
				1E89D12C2BA3434300C78CEC /* SingleOPTView.swift in Sources */,
				1E219B2B2BA08FFD00D79DE3 /* Test.swift in Sources */,
				1E4C28192BA9F413005461D1 /* TestFunc.swift in Sources */,
				1E64CBF42BA051740053A555 /* LoginManager.swift in Sources */,
				1E8F79182B9F322000F4C230 /* Hospital.swift in Sources */,
				1E267BE42BA9C07900280170 /* SQlite_UserData.swift in Sources */,
				1EA0CA222BA8343E009076F1 /* LocalDataBase.swift in Sources */,
				1EE63E082B9F46510026B4DE /* HomeView.swift in Sources */,
				1E89D12A2BA31B0300C78CEC /* LoginView.swift in Sources */,
				1E64CBF22BA050B50053A555 /* Profile.swift in Sources */,
				1EE9CB642B9F1F9300E923D9 /* KPMadicalApp.swift in Sources */,
			);
			runOnlyForDeploymentPostprocessing = 0;
		};
		1EE9CB6C2B9F1F9500E923D9 /* Sources */ = {
			isa = PBXSourcesBuildPhase;
			buildActionMask = 2147483647;
			files = (
				1EE9CB752B9F1F9500E923D9 /* KPMadicalTests.swift in Sources */,
			);
			runOnlyForDeploymentPostprocessing = 0;
		};
		1EE9CB762B9F1F9500E923D9 /* Sources */ = {
			isa = PBXSourcesBuildPhase;
			buildActionMask = 2147483647;
			files = (
				1EE9CB7F2B9F1F9500E923D9 /* KPMadicalUITests.swift in Sources */,
				1EE9CB812B9F1F9500E923D9 /* KPMadicalUITestsLaunchTests.swift in Sources */,
			);
			runOnlyForDeploymentPostprocessing = 0;
		};
/* End PBXSourcesBuildPhase section */

/* Begin PBXTargetDependency section */
		1EE9CB722B9F1F9500E923D9 /* PBXTargetDependency */ = {
			isa = PBXTargetDependency;
			target = 1EE9CB5F2B9F1F9300E923D9 /* KPMadical */;
			targetProxy = 1EE9CB712B9F1F9500E923D9 /* PBXContainerItemProxy */;
		};
		1EE9CB7C2B9F1F9500E923D9 /* PBXTargetDependency */ = {
			isa = PBXTargetDependency;
			target = 1EE9CB5F2B9F1F9300E923D9 /* KPMadical */;
			targetProxy = 1EE9CB7B2B9F1F9500E923D9 /* PBXContainerItemProxy */;
		};
/* End PBXTargetDependency section */

/* Begin XCBuildConfiguration section */
		1EE9CB822B9F1F9500E923D9 /* Debug */ = {
			isa = XCBuildConfiguration;
			buildSettings = {
				ALWAYS_SEARCH_USER_PATHS = NO;
				ASSETCATALOG_COMPILER_GENERATE_SWIFT_ASSET_SYMBOL_EXTENSIONS = YES;
				CLANG_ANALYZER_NONNULL = YES;
				CLANG_ANALYZER_NUMBER_OBJECT_CONVERSION = YES_AGGRESSIVE;
				CLANG_CXX_LANGUAGE_STANDARD = "gnu++20";
				CLANG_ENABLE_MODULES = YES;
				CLANG_ENABLE_OBJC_ARC = YES;
				CLANG_ENABLE_OBJC_WEAK = YES;
				CLANG_WARN_BLOCK_CAPTURE_AUTORELEASING = YES;
				CLANG_WARN_BOOL_CONVERSION = YES;
				CLANG_WARN_COMMA = YES;
				CLANG_WARN_CONSTANT_CONVERSION = YES;
				CLANG_WARN_DEPRECATED_OBJC_IMPLEMENTATIONS = YES;
				CLANG_WARN_DIRECT_OBJC_ISA_USAGE = YES_ERROR;
				CLANG_WARN_DOCUMENTATION_COMMENTS = YES;
				CLANG_WARN_EMPTY_BODY = YES;
				CLANG_WARN_ENUM_CONVERSION = YES;
				CLANG_WARN_INFINITE_RECURSION = YES;
				CLANG_WARN_INT_CONVERSION = YES;
				CLANG_WARN_NON_LITERAL_NULL_CONVERSION = YES;
				CLANG_WARN_OBJC_IMPLICIT_RETAIN_SELF = YES;
				CLANG_WARN_OBJC_LITERAL_CONVERSION = YES;
				CLANG_WARN_OBJC_ROOT_CLASS = YES_ERROR;
				CLANG_WARN_QUOTED_INCLUDE_IN_FRAMEWORK_HEADER = YES;
				CLANG_WARN_RANGE_LOOP_ANALYSIS = YES;
				CLANG_WARN_STRICT_PROTOTYPES = YES;
				CLANG_WARN_SUSPICIOUS_MOVE = YES;
				CLANG_WARN_UNGUARDED_AVAILABILITY = YES_AGGRESSIVE;
				CLANG_WARN_UNREACHABLE_CODE = YES;
				CLANG_WARN__DUPLICATE_METHOD_MATCH = YES;
				COPY_PHASE_STRIP = NO;
				DEBUG_INFORMATION_FORMAT = dwarf;
				ENABLE_STRICT_OBJC_MSGSEND = YES;
				ENABLE_TESTABILITY = YES;
				ENABLE_USER_SCRIPT_SANDBOXING = YES;
				GCC_C_LANGUAGE_STANDARD = gnu17;
				GCC_DYNAMIC_NO_PIC = NO;
				GCC_NO_COMMON_BLOCKS = YES;
				GCC_OPTIMIZATION_LEVEL = 0;
				GCC_PREPROCESSOR_DEFINITIONS = (
					"DEBUG=1",
					"$(inherited)",
				);
				GCC_WARN_64_TO_32_BIT_CONVERSION = YES;
				GCC_WARN_ABOUT_RETURN_TYPE = YES_ERROR;
				GCC_WARN_UNDECLARED_SELECTOR = YES;
				GCC_WARN_UNINITIALIZED_AUTOS = YES_AGGRESSIVE;
				GCC_WARN_UNUSED_FUNCTION = YES;
				GCC_WARN_UNUSED_VARIABLE = YES;
				IPHONEOS_DEPLOYMENT_TARGET = 17.2;
				LOCALIZATION_PREFERS_STRING_CATALOGS = YES;
				MTL_ENABLE_DEBUG_INFO = INCLUDE_SOURCE;
				MTL_FAST_MATH = YES;
				ONLY_ACTIVE_ARCH = YES;
				SDKROOT = iphoneos;
				SWIFT_ACTIVE_COMPILATION_CONDITIONS = "DEBUG $(inherited)";
				SWIFT_OPTIMIZATION_LEVEL = "-Onone";
			};
			name = Debug;
		};
		1EE9CB832B9F1F9500E923D9 /* Release */ = {
			isa = XCBuildConfiguration;
			buildSettings = {
				ALWAYS_SEARCH_USER_PATHS = NO;
				ASSETCATALOG_COMPILER_GENERATE_SWIFT_ASSET_SYMBOL_EXTENSIONS = YES;
				CLANG_ANALYZER_NONNULL = YES;
				CLANG_ANALYZER_NUMBER_OBJECT_CONVERSION = YES_AGGRESSIVE;
				CLANG_CXX_LANGUAGE_STANDARD = "gnu++20";
				CLANG_ENABLE_MODULES = YES;
				CLANG_ENABLE_OBJC_ARC = YES;
				CLANG_ENABLE_OBJC_WEAK = YES;
				CLANG_WARN_BLOCK_CAPTURE_AUTORELEASING = YES;
				CLANG_WARN_BOOL_CONVERSION = YES;
				CLANG_WARN_COMMA = YES;
				CLANG_WARN_CONSTANT_CONVERSION = YES;
				CLANG_WARN_DEPRECATED_OBJC_IMPLEMENTATIONS = YES;
				CLANG_WARN_DIRECT_OBJC_ISA_USAGE = YES_ERROR;
				CLANG_WARN_DOCUMENTATION_COMMENTS = YES;
				CLANG_WARN_EMPTY_BODY = YES;
				CLANG_WARN_ENUM_CONVERSION = YES;
				CLANG_WARN_INFINITE_RECURSION = YES;
				CLANG_WARN_INT_CONVERSION = YES;
				CLANG_WARN_NON_LITERAL_NULL_CONVERSION = YES;
				CLANG_WARN_OBJC_IMPLICIT_RETAIN_SELF = YES;
				CLANG_WARN_OBJC_LITERAL_CONVERSION = YES;
				CLANG_WARN_OBJC_ROOT_CLASS = YES_ERROR;
				CLANG_WARN_QUOTED_INCLUDE_IN_FRAMEWORK_HEADER = YES;
				CLANG_WARN_RANGE_LOOP_ANALYSIS = YES;
				CLANG_WARN_STRICT_PROTOTYPES = YES;
				CLANG_WARN_SUSPICIOUS_MOVE = YES;
				CLANG_WARN_UNGUARDED_AVAILABILITY = YES_AGGRESSIVE;
				CLANG_WARN_UNREACHABLE_CODE = YES;
				CLANG_WARN__DUPLICATE_METHOD_MATCH = YES;
				COPY_PHASE_STRIP = NO;
				DEBUG_INFORMATION_FORMAT = "dwarf-with-dsym";
				ENABLE_NS_ASSERTIONS = NO;
				ENABLE_STRICT_OBJC_MSGSEND = YES;
				ENABLE_USER_SCRIPT_SANDBOXING = YES;
				GCC_C_LANGUAGE_STANDARD = gnu17;
				GCC_NO_COMMON_BLOCKS = YES;
				GCC_WARN_64_TO_32_BIT_CONVERSION = YES;
				GCC_WARN_ABOUT_RETURN_TYPE = YES_ERROR;
				GCC_WARN_UNDECLARED_SELECTOR = YES;
				GCC_WARN_UNINITIALIZED_AUTOS = YES_AGGRESSIVE;
				GCC_WARN_UNUSED_FUNCTION = YES;
				GCC_WARN_UNUSED_VARIABLE = YES;
				IPHONEOS_DEPLOYMENT_TARGET = 17.2;
				LOCALIZATION_PREFERS_STRING_CATALOGS = YES;
				MTL_ENABLE_DEBUG_INFO = NO;
				MTL_FAST_MATH = YES;
				SDKROOT = iphoneos;
				SWIFT_COMPILATION_MODE = wholemodule;
				VALIDATE_PRODUCT = YES;
			};
			name = Release;
		};
		1EE9CB852B9F1F9500E923D9 /* Debug */ = {
			isa = XCBuildConfiguration;
			buildSettings = {
				ASSETCATALOG_COMPILER_APPICON_NAME = AppIcon;
				ASSETCATALOG_COMPILER_GLOBAL_ACCENT_COLOR_NAME = AccentColor;
				ASSETCATALOG_COMPILER_INCLUDE_ALL_APPICON_ASSETS = NO;
				CODE_SIGN_STYLE = Automatic;
				CURRENT_PROJECT_VERSION = 1;
				DEVELOPMENT_ASSET_PATHS = "\"KPMadical/Preview Content\"";
				DEVELOPMENT_TEAM = N762C9YWP9;
				ENABLE_PREVIEWS = YES;
				GENERATE_INFOPLIST_FILE = YES;
				INFOPLIST_KEY_UIApplicationSceneManifest_Generation = YES;
				INFOPLIST_KEY_UIApplicationSupportsIndirectInputEvents = YES;
				INFOPLIST_KEY_UILaunchScreen_Generation = YES;
				INFOPLIST_KEY_UILaunchStoryboardName = SplashView;
				INFOPLIST_KEY_UISupportedInterfaceOrientations_iPad = "UIInterfaceOrientationPortrait UIInterfaceOrientationPortraitUpsideDown UIInterfaceOrientationLandscapeLeft UIInterfaceOrientationLandscapeRight";
				INFOPLIST_KEY_UISupportedInterfaceOrientations_iPhone = "UIInterfaceOrientationPortrait UIInterfaceOrientationLandscapeLeft UIInterfaceOrientationLandscapeRight";
				LD_RUNPATH_SEARCH_PATHS = (
					"$(inherited)",
					"@executable_path/Frameworks",
				);
				MARKETING_VERSION = 1.0;
				PRODUCT_BUNDLE_IDENTIFIER = KpMadical;
				PRODUCT_NAME = "$(TARGET_NAME)";
				SWIFT_EMIT_LOC_STRINGS = YES;
				SWIFT_VERSION = 5.0;
				TARGETED_DEVICE_FAMILY = "1,2";
			};
			name = Debug;
		};
		1EE9CB862B9F1F9500E923D9 /* Release */ = {
			isa = XCBuildConfiguration;
			buildSettings = {
				ASSETCATALOG_COMPILER_APPICON_NAME = AppIcon;
				ASSETCATALOG_COMPILER_GLOBAL_ACCENT_COLOR_NAME = AccentColor;
				ASSETCATALOG_COMPILER_INCLUDE_ALL_APPICON_ASSETS = NO;
				CODE_SIGN_STYLE = Automatic;
				CURRENT_PROJECT_VERSION = 1;
				DEVELOPMENT_ASSET_PATHS = "\"KPMadical/Preview Content\"";
				DEVELOPMENT_TEAM = N762C9YWP9;
				ENABLE_PREVIEWS = YES;
				GENERATE_INFOPLIST_FILE = YES;
				INFOPLIST_KEY_UIApplicationSceneManifest_Generation = YES;
				INFOPLIST_KEY_UIApplicationSupportsIndirectInputEvents = YES;
				INFOPLIST_KEY_UILaunchScreen_Generation = YES;
				INFOPLIST_KEY_UILaunchStoryboardName = SplashView;
				INFOPLIST_KEY_UISupportedInterfaceOrientations_iPad = "UIInterfaceOrientationPortrait UIInterfaceOrientationPortraitUpsideDown UIInterfaceOrientationLandscapeLeft UIInterfaceOrientationLandscapeRight";
				INFOPLIST_KEY_UISupportedInterfaceOrientations_iPhone = "UIInterfaceOrientationPortrait UIInterfaceOrientationLandscapeLeft UIInterfaceOrientationLandscapeRight";
				LD_RUNPATH_SEARCH_PATHS = (
					"$(inherited)",
					"@executable_path/Frameworks",
				);
				MARKETING_VERSION = 1.0;
				PRODUCT_BUNDLE_IDENTIFIER = KpMadical;
				PRODUCT_NAME = "$(TARGET_NAME)";
				SWIFT_EMIT_LOC_STRINGS = YES;
				SWIFT_VERSION = 5.0;
				TARGETED_DEVICE_FAMILY = "1,2";
			};
			name = Release;
		};
		1EE9CB882B9F1F9500E923D9 /* Debug */ = {
			isa = XCBuildConfiguration;
			buildSettings = {
				ALWAYS_EMBED_SWIFT_STANDARD_LIBRARIES = YES;
				BUNDLE_LOADER = "$(TEST_HOST)";
				CODE_SIGN_STYLE = Automatic;
				CURRENT_PROJECT_VERSION = 1;
				DEVELOPMENT_TEAM = N762C9YWP9;
				GENERATE_INFOPLIST_FILE = YES;
				IPHONEOS_DEPLOYMENT_TARGET = 17.2;
				MARKETING_VERSION = 1.0;
				PRODUCT_BUNDLE_IDENTIFIER = Teamnova.KPMadicalTests;
				PRODUCT_NAME = "$(TARGET_NAME)";
				SWIFT_EMIT_LOC_STRINGS = NO;
				SWIFT_VERSION = 5.0;
				TARGETED_DEVICE_FAMILY = "1,2";
				TEST_HOST = "$(BUILT_PRODUCTS_DIR)/KPMadical.app/$(BUNDLE_EXECUTABLE_FOLDER_PATH)/KPMadical";
			};
			name = Debug;
		};
		1EE9CB892B9F1F9500E923D9 /* Release */ = {
			isa = XCBuildConfiguration;
			buildSettings = {
				ALWAYS_EMBED_SWIFT_STANDARD_LIBRARIES = YES;
				BUNDLE_LOADER = "$(TEST_HOST)";
				CODE_SIGN_STYLE = Automatic;
				CURRENT_PROJECT_VERSION = 1;
				DEVELOPMENT_TEAM = N762C9YWP9;
				GENERATE_INFOPLIST_FILE = YES;
				IPHONEOS_DEPLOYMENT_TARGET = 17.2;
				MARKETING_VERSION = 1.0;
				PRODUCT_BUNDLE_IDENTIFIER = Teamnova.KPMadicalTests;
				PRODUCT_NAME = "$(TARGET_NAME)";
				SWIFT_EMIT_LOC_STRINGS = NO;
				SWIFT_VERSION = 5.0;
				TARGETED_DEVICE_FAMILY = "1,2";
				TEST_HOST = "$(BUILT_PRODUCTS_DIR)/KPMadical.app/$(BUNDLE_EXECUTABLE_FOLDER_PATH)/KPMadical";
			};
			name = Release;
		};
		1EE9CB8B2B9F1F9500E923D9 /* Debug */ = {
			isa = XCBuildConfiguration;
			buildSettings = {
				ALWAYS_EMBED_SWIFT_STANDARD_LIBRARIES = YES;
				CODE_SIGN_STYLE = Automatic;
				CURRENT_PROJECT_VERSION = 1;
				DEVELOPMENT_TEAM = N762C9YWP9;
				GENERATE_INFOPLIST_FILE = YES;
				MARKETING_VERSION = 1.0;
				PRODUCT_BUNDLE_IDENTIFIER = Teamnova.KPMadicalUITests;
				PRODUCT_NAME = "$(TARGET_NAME)";
				SWIFT_EMIT_LOC_STRINGS = NO;
				SWIFT_VERSION = 5.0;
				TARGETED_DEVICE_FAMILY = "1,2";
				TEST_TARGET_NAME = KPMadical;
			};
			name = Debug;
		};
		1EE9CB8C2B9F1F9500E923D9 /* Release */ = {
			isa = XCBuildConfiguration;
			buildSettings = {
				ALWAYS_EMBED_SWIFT_STANDARD_LIBRARIES = YES;
				CODE_SIGN_STYLE = Automatic;
				CURRENT_PROJECT_VERSION = 1;
				DEVELOPMENT_TEAM = N762C9YWP9;
				GENERATE_INFOPLIST_FILE = YES;
				MARKETING_VERSION = 1.0;
				PRODUCT_BUNDLE_IDENTIFIER = Teamnova.KPMadicalUITests;
				PRODUCT_NAME = "$(TARGET_NAME)";
				SWIFT_EMIT_LOC_STRINGS = NO;
				SWIFT_VERSION = 5.0;
				TARGETED_DEVICE_FAMILY = "1,2";
				TEST_TARGET_NAME = KPMadical;
			};
			name = Release;
		};
/* End XCBuildConfiguration section */

/* Begin XCConfigurationList section */
		1EE9CB5B2B9F1F9300E923D9 /* Build configuration list for PBXProject "KPMadical" */ = {
			isa = XCConfigurationList;
			buildConfigurations = (
				1EE9CB822B9F1F9500E923D9 /* Debug */,
				1EE9CB832B9F1F9500E923D9 /* Release */,
			);
			defaultConfigurationIsVisible = 0;
			defaultConfigurationName = Release;
		};
		1EE9CB842B9F1F9500E923D9 /* Build configuration list for PBXNativeTarget "KPMadical" */ = {
			isa = XCConfigurationList;
			buildConfigurations = (
				1EE9CB852B9F1F9500E923D9 /* Debug */,
				1EE9CB862B9F1F9500E923D9 /* Release */,
			);
			defaultConfigurationIsVisible = 0;
			defaultConfigurationName = Release;
		};
		1EE9CB872B9F1F9500E923D9 /* Build configuration list for PBXNativeTarget "KPMadicalTests" */ = {
			isa = XCConfigurationList;
			buildConfigurations = (
				1EE9CB882B9F1F9500E923D9 /* Debug */,
				1EE9CB892B9F1F9500E923D9 /* Release */,
			);
			defaultConfigurationIsVisible = 0;
			defaultConfigurationName = Release;
		};
		1EE9CB8A2B9F1F9500E923D9 /* Build configuration list for PBXNativeTarget "KPMadicalUITests" */ = {
			isa = XCConfigurationList;
			buildConfigurations = (
				1EE9CB8B2B9F1F9500E923D9 /* Debug */,
				1EE9CB8C2B9F1F9500E923D9 /* Release */,
			);
			defaultConfigurationIsVisible = 0;
			defaultConfigurationName = Release;
		};
/* End XCConfigurationList section */

/* Begin XCRemoteSwiftPackageReference section */
		1E219B2C2BA0977100D79DE3 /* XCRemoteSwiftPackageReference "AFNetworking" */ = {
			isa = XCRemoteSwiftPackageReference;
			repositoryURL = "https://github.com/AFNetworking/AFNetworking.git";
			requirement = {
				kind = upToNextMajorVersion;
				minimumVersion = 4.0.1;
			};
		};
/* End XCRemoteSwiftPackageReference section */

/* Begin XCSwiftPackageProductDependency section */
		1E219B2D2BA0977100D79DE3 /* AFNetworking */ = {
			isa = XCSwiftPackageProductDependency;
			package = 1E219B2C2BA0977100D79DE3 /* XCRemoteSwiftPackageReference "AFNetworking" */;
			productName = AFNetworking;
		};
/* End XCSwiftPackageProductDependency section */
	};
	rootObject = 1EE9CB582B9F1F9300E923D9 /* Project object */;
}
